{
  "name": "weather",
  "version": "1.0.0",
  "lockfileVersion": 3,
  "requires": true,
  "packages": {
    "": {
      "name": "weather",
      "version": "1.0.0",
      "license": "ISC",
      "dependencies": {
        "openmeteo": "^1.1.5"
      },
      "devDependencies": {
        "prettier": "3.5.2",
        "typescript": "^5.7.3"
      }
    },
    "node_modules/@openmeteo/sdk": {
      "version": "1.19.0",
      "resolved": "https://registry.npmjs.org/@openmeteo/sdk/-/sdk-1.19.0.tgz",
      "integrity": "sha512-R9iYVRBs/0vq+iLRA0/quvcnuCsLp8DLsaMF2i6dhkc/C6jJ5RbV3al0bt4gfhwi1R76crDd9nnw6b9x2V1yeg==",
      "license": "MIT",
      "dependencies": {
        "flatbuffers": "^25.2.10"
      },
      "engines": {
        "node": ">=12.0"
      }
    },
    "node_modules/flatbuffers": {
      "version": "25.2.10",
      "resolved": "https://registry.npmjs.org/flatbuffers/-/flatbuffers-25.2.10.tgz",
      "integrity": "sha512-7JlN9ZvLDG1McO3kbX0k4v+SUAg48L1rIwEvN6ZQl/eCtgJz9UylTMzE9wrmYrcorgxm3CX/3T/w5VAub99UUw==",
      "license": "Apache-2.0"
    },
    "node_modules/openmeteo": {
      "version": "1.1.5",
      "resolved": "https://registry.npmjs.org/openmeteo/-/openmeteo-1.1.5.tgz",
      "integrity": "sha512-4VTt8TGW5KlczvSJd7IiRjKkRygmCq3O4T89Qc5c6PAnj0CeH/MGlqb4m9Z/yBtHpZTnaUac/9/t/p4obpFC1A==",
      "license": "MIT",
      "dependencies": {
        "@openmeteo/sdk": "^1.19.0",
        "flatbuffers": "^25.2.10"
      },
      "engines": {
        "node": ">=12.0"
      }
    },
    "node_modules/prettier": {
      "version": "3.5.2",
      "resolved": "https://registry.npmjs.org/prettier/-/prettier-3.5.2.tgz",
      "integrity": "sha512-lc6npv5PH7hVqozBR7lkBNOGXV9vMwROAPlumdBkX0wTbbzPu/U1hk5yL8p2pt4Xoc+2mkT8t/sow2YrV/M5qg==",
      "dev": true,
      "license": "MIT",
      "bin": {
        "prettier": "bin/prettier.cjs"
      },
      "engines": {
        "node": ">=14"
      },
      "funding": {
        "url": "https://github.com/prettier/prettier?sponsor=1"
      }
    },
    "node_modules/typescript": {
      "version": "5.7.3",
      "resolved": "https://registry.npmjs.org/typescript/-/typescript-5.7.3.tgz",
      "integrity": "sha512-84MVSjMEHP+FQRPy3pX9sTVV/INIex71s9TL2Gm5FG/WG1SqXeKyZ0k7/blY/4FdOzI12CBy1vGc4og/eus0fw==",
      "dev": true,
      "license": "Apache-2.0",
      "bin": {
        "tsc": "bin/tsc",
        "tsserver": "bin/tsserver"
      },
      "engines": {
        "node": ">=14.17"
      }
    }
  }
}
